// !$*UTF8*$!
{
	archiveVersion = 1;
	classes = {
	};
	objectVersion = 56;
	objects = {

/* Begin PBXBuildFile section */
		847DAF9D2BD0AAC30062D1C0 /* GoogleService-Info.plist in Resources */ = {isa = PBXBuildFile; fileRef = 847DAF9C2BD0AAC30062D1C0 /* GoogleService-Info.plist */; };
		847DAFA02BD0ABEB0062D1C0 /* FirebaseAnalytics in Frameworks */ = {isa = PBXBuildFile; productRef = 847DAF9F2BD0ABEB0062D1C0 /* FirebaseAnalytics */; };
		847DAFA22BD0ABEB0062D1C0 /* FirebaseFirestore in Frameworks */ = {isa = PBXBuildFile; productRef = 847DAFA12BD0ABEB0062D1C0 /* FirebaseFirestore */; };
		847DAFA42BD0ABEB0062D1C0 /* FirebaseFirestoreSwift in Frameworks */ = {isa = PBXBuildFile; productRef = 847DAFA32BD0ABEB0062D1C0 /* FirebaseFirestoreSwift */; };
		848F30762BB7BEF900D333A9 /* ViewModel.swift in Sources */ = {isa = PBXBuildFile; fileRef = 848F30752BB7BEF900D333A9 /* ViewModel.swift */; };
		848F30782BB7BEF900D333A9 /* Assignment3App.swift in Sources */ = {isa = PBXBuildFile; fileRef = 848F30772BB7BEF900D333A9 /* Assignment3App.swift */; };
		848F307A2BB7BEFC00D333A9 /* Assets.xcassets in Resources */ = {isa = PBXBuildFile; fileRef = 848F30792BB7BEFC00D333A9 /* Assets.xcassets */; };
		848F307D2BB7BEFC00D333A9 /* Preview Assets.xcassets in Resources */ = {isa = PBXBuildFile; fileRef = 848F307C2BB7BEFC00D333A9 /* Preview Assets.xcassets */; };
		848F30842BB9F47900D333A9 /* recipe.swift in Sources */ = {isa = PBXBuildFile; fileRef = 848F30832BB9F47900D333A9 /* recipe.swift */; };
		848F30862BBA287900D333A9 /* View.swift in Sources */ = {isa = PBXBuildFile; fileRef = 848F30852BBA287900D333A9 /* View.swift */; };
		848F30882BBA288700D333A9 /* Content.swift in Sources */ = {isa = PBXBuildFile; fileRef = 848F30872BBA288700D333A9 /* Content.swift */; };
/* End PBXBuildFile section */

/* Begin PBXFileReference section */
		847DAF9C2BD0AAC30062D1C0 /* GoogleService-Info.plist */ = {isa = PBXFileReference; fileEncoding = 4; lastKnownFileType = text.plist.xml; path = "GoogleService-Info.plist"; sourceTree = "<group>"; };
		848F30722BB7BEF900D333A9 /* Assignment3app.app */ = {isa = PBXFileReference; explicitFileType = wrapper.application; includeInIndex = 0; path = Assignment3app.app; sourceTree = BUILT_PRODUCTS_DIR; };
		848F30752BB7BEF900D333A9 /* ViewModel.swift */ = {isa = PBXFileReference; lastKnownFileType = sourcecode.swift; path = ViewModel.swift; sourceTree = "<group>"; };
		848F30772BB7BEF900D333A9 /* Assignment3App.swift */ = {isa = PBXFileReference; lastKnownFileType = sourcecode.swift; path = Assignment3App.swift; sourceTree = "<group>"; };
		848F30792BB7BEFC00D333A9 /* Assets.xcassets */ = {isa = PBXFileReference; lastKnownFileType = folder.assetcatalog; path = Assets.xcassets; sourceTree = "<group>"; };
		848F307C2BB7BEFC00D333A9 /* Preview Assets.xcassets */ = {isa = PBXFileReference; lastKnownFileType = folder.assetcatalog; path = "Preview Assets.xcassets"; sourceTree = "<group>"; };
		848F30832BB9F47900D333A9 /* recipe.swift */ = {isa = PBXFileReference; lastKnownFileType = sourcecode.swift; path = recipe.swift; sourceTree = "<group>"; };
		848F30852BBA287900D333A9 /* View.swift */ = {isa = PBXFileReference; lastKnownFileType = sourcecode.swift; path = View.swift; sourceTree = "<group>"; };
		848F30872BBA288700D333A9 /* Content.swift */ = {isa = PBXFileReference; lastKnownFileType = sourcecode.swift; path = Content.swift; sourceTree = "<group>"; };
/* End PBXFileReference section */

/* Begin PBXFrameworksBuildPhase section */
		848F306F2BB7BEF900D333A9 /* Frameworks */ = {
			isa = PBXFrameworksBuildPhase;
			buildActionMask = 2147483647;
			files = (
				847DAFA02BD0ABEB0062D1C0 /* FirebaseAnalytics in Frameworks */,
				847DAFA22BD0ABEB0062D1C0 /* FirebaseFirestore in Frameworks */,
				847DAFA42BD0ABEB0062D1C0 /* FirebaseFirestoreSwift in Frameworks */,
			);
			runOnlyForDeploymentPostprocessing = 0;
		};
/* End PBXFrameworksBuildPhase section */

/* Begin PBXGroup section */
		848F30692BB7BEF900D333A9 = {
			isa = PBXGroup;
			children = (
				848F30742BB7BEF900D333A9 /* Assignment3app */,
				848F30732BB7BEF900D333A9 /* Products */,
			);
			sourceTree = "<group>";
		};
		848F30732BB7BEF900D333A9 /* Products */ = {
			isa = PBXGroup;
			children = (
				848F30722BB7BEF900D333A9 /* Assignment3app.app */,
			);
			name = Products;
			sourceTree = "<group>";
		};
		848F30742BB7BEF900D333A9 /* Assignment3app */ = {
			isa = PBXGroup;
			children = (
				847DAF9C2BD0AAC30062D1C0 /* GoogleService-Info.plist */,
				848F30872BBA288700D333A9 /* Content.swift */,
				848F30852BBA287900D333A9 /* View.swift */,
				848F30832BB9F47900D333A9 /* recipe.swift */,
				848F30752BB7BEF900D333A9 /* ViewModel.swift */,
				848F30772BB7BEF900D333A9 /* Assignment3App.swift */,
				848F30792BB7BEFC00D333A9 /* Assets.xcassets */,
				848F307B2BB7BEFC00D333A9 /* Preview Content */,
			);
			path = Assignment3app;
			sourceTree = "<group>";
		};
		848F307B2BB7BEFC00D333A9 /* Preview Content */ = {
			isa = PBXGroup;
			children = (
				848F307C2BB7BEFC00D333A9 /* Preview Assets.xcassets */,
			);
			path = "Preview Content";
			sourceTree = "<group>";
		};
/* End PBXGroup section */

/* Begin PBXNativeTarget section */
		848F30712BB7BEF900D333A9 /* Assignment3app */ = {
			isa = PBXNativeTarget;
			buildConfigurationList = 848F30802BB7BEFC00D333A9 /* Build configuration list for PBXNativeTarget "Assignment3app" */;
			buildPhases = (
				848F306E2BB7BEF900D333A9 /* Sources */,
				848F306F2BB7BEF900D333A9 /* Frameworks */,
				848F30702BB7BEF900D333A9 /* Resources */,
			);
			buildRules = (
			);
			dependencies = (
			);
			name = Assignment3app;
			packageProductDependencies = (
				847DAF9F2BD0ABEB0062D1C0 /* FirebaseAnalytics */,
				847DAFA12BD0ABEB0062D1C0 /* FirebaseFirestore */,
				847DAFA32BD0ABEB0062D1C0 /* FirebaseFirestoreSwift */,
			);
			productName = Assignment3app;
			productReference = 848F30722BB7BEF900D333A9 /* Assignment3app.app */;
			productType = "com.apple.product-type.application";
		};
/* End PBXNativeTarget section */

/* Begin PBXProject section */
		848F306A2BB7BEF900D333A9 /* Project object */ = {
			isa = PBXProject;
			attributes = {
				BuildIndependentTargetsInParallel = 1;
				LastSwiftUpdateCheck = 1430;
				LastUpgradeCheck = 1430;
				TargetAttributes = {
					848F30712BB7BEF900D333A9 = {
						CreatedOnToolsVersion = 14.3;
					};
				};
			};
			buildConfigurationList = 848F306D2BB7BEF900D333A9 /* Build configuration list for PBXProject "Assignment3app" */;
			compatibilityVersion = "Xcode 14.0";
			developmentRegion = en;
			hasScannedForEncodings = 0;
			knownRegions = (
				en,
				Base,
			);
			mainGroup = 848F30692BB7BEF900D333A9;
			packageReferences = (
				847DAF9E2BD0ABEB0062D1C0 /* XCRemoteSwiftPackageReference "firebase-ios-sdk" */,
			);
			productRefGroup = 848F30732BB7BEF900D333A9 /* Products */;
			projectDirPath = "";
			projectRoot = "";
			targets = (
				848F30712BB7BEF900D333A9 /* Assignment3app */,
			);
		};
/* End PBXProject section */

/* Begin PBXResourcesBuildPhase section */
		848F30702BB7BEF900D333A9 /* Resources */ = {
			isa = PBXResourcesBuildPhase;
			buildActionMask = 2147483647;
			files = (
				848F307D2BB7BEFC00D333A9 /* Preview Assets.xcassets in Resources */,
				848F307A2BB7BEFC00D333A9 /* Assets.xcassets in Resources */,
				847DAF9D2BD0AAC30062D1C0 /* GoogleService-Info.plist in Resources */,
			);
			runOnlyForDeploymentPostprocessing = 0;
		};
/* End PBXResourcesBuildPhase section */

/* Begin PBXSourcesBuildPhase section */
		848F306E2BB7BEF900D333A9 /* Sources */ = {
			isa = PBXSourcesBuildPhase;
			buildActionMask = 2147483647;
			files = (
				848F30782BB7BEF900D333A9 /* Assignment3App.swift in Sources */,
				848F30842BB9F47900D333A9 /* recipe.swift in Sources */,
				848F30762BB7BEF900D333A9 /* ViewModel.swift in Sources */,
				848F30862BBA287900D333A9 /* View.swift in Sources */,
				848F30882BBA288700D333A9 /* Content.swift in Sources */,
			);
			runOnlyForDeploymentPostprocessing = 0;
		};
/* End PBXSourcesBuildPhase section */

/* Begin XCBuildConfiguration section */
		848F307E2BB7BEFC00D333A9 /* Debug */ = {
			isa = XCBuildConfiguration;
			buildSettings = {
				ALWAYS_SEARCH_USER_PATHS = NO;
				CLANG_ANALYZER_NONNULL = YES;
				CLANG_ANALYZER_NUMBER_OBJECT_CONVERSION = YES_AGGRESSIVE;
				CLANG_CXX_LANGUAGE_STANDARD = "gnu++20";
				CLANG_ENABLE_MODULES = YES;
				CLANG_ENABLE_OBJC_ARC = YES;
				CLANG_ENABLE_OBJC_WEAK = YES;
				CLANG_WARN_BLOCK_CAPTURE_AUTORELEASING = YES;
				CLANG_WARN_BOOL_CONVERSION = YES;
				CLANG_WARN_COMMA = YES;
				CLANG_WARN_CONSTANT_CONVERSION = YES;
				CLANG_WARN_DEPRECATED_OBJC_IMPLEMENTATIONS = YES;
				CLANG_WARN_DIRECT_OBJC_ISA_USAGE = YES_ERROR;
				CLANG_WARN_DOCUMENTATION_COMMENTS = YES;
				CLANG_WARN_EMPTY_BODY = YES;
				CLANG_WARN_ENUM_CONVERSION = YES;
				CLANG_WARN_INFINITE_RECURSION = YES;
				CLANG_WARN_INT_CONVERSION = YES;
				CLANG_WARN_NON_LITERAL_NULL_CONVERSION = YES;
				CLANG_WARN_OBJC_IMPLICIT_RETAIN_SELF = YES;
				CLANG_WARN_OBJC_LITERAL_CONVERSION = YES;
				CLANG_WARN_OBJC_ROOT_CLASS = YES_ERROR;
				CLANG_WARN_QUOTED_INCLUDE_IN_FRAMEWORK_HEADER = YES;
				CLANG_WARN_RANGE_LOOP_ANALYSIS = YES;
				CLANG_WARN_STRICT_PROTOTYPES = YES;
				CLANG_WARN_SUSPICIOUS_MOVE = YES;
				CLANG_WARN_UNGUARDED_AVAILABILITY = YES_AGGRESSIVE;
				CLANG_WARN_UNREACHABLE_CODE = YES;
				CLANG_WARN__DUPLICATE_METHOD_MATCH = YES;
				COPY_PHASE_STRIP = NO;
				DEBUG_INFORMATION_FORMAT = dwarf;
				ENABLE_STRICT_OBJC_MSGSEND = YES;
				ENABLE_TESTABILITY = YES;
				GCC_C_LANGUAGE_STANDARD = gnu11;
				GCC_DYNAMIC_NO_PIC = NO;
				GCC_NO_COMMON_BLOCKS = YES;
				GCC_OPTIMIZATION_LEVEL = 0;
				GCC_PREPROCESSOR_DEFINITIONS = (
					"DEBUG=1",
					"$(inherited)",
				);
				GCC_WARN_64_TO_32_BIT_CONVERSION = YES;
				GCC_WARN_ABOUT_RETURN_TYPE = YES_ERROR;
				GCC_WARN_UNDECLARED_SELECTOR = YES;
				GCC_WARN_UNINITIALIZED_AUTOS = YES_AGGRESSIVE;
				GCC_WARN_UNUSED_FUNCTION = YES;
				GCC_WARN_UNUSED_VARIABLE = YES;
				IPHONEOS_DEPLOYMENT_TARGET = 16.4;
				MTL_ENABLE_DEBUG_INFO = INCLUDE_SOURCE;
				MTL_FAST_MATH = YES;
				ONLY_ACTIVE_ARCH = YES;
				SDKROOT = iphoneos;
				SWIFT_ACTIVE_COMPILATION_CONDITIONS = DEBUG;
				SWIFT_OPTIMIZATION_LEVEL = "-Onone";
			};
			name = Debug;
		};
		848F307F2BB7BEFC00D333A9 /* Release */ = {
			isa = XCBuildConfiguration;
			buildSettings = {
				ALWAYS_SEARCH_USER_PATHS = NO;
				CLANG_ANALYZER_NONNULL = YES;
				CLANG_ANALYZER_NUMBER_OBJECT_CONVERSION = YES_AGGRESSIVE;
				CLANG_CXX_LANGUAGE_STANDARD = "gnu++20";
				CLANG_ENABLE_MODULES = YES;
				CLANG_ENABLE_OBJC_ARC = YES;
				CLANG_ENABLE_OBJC_WEAK = YES;
				CLANG_WARN_BLOCK_CAPTURE_AUTORELEASING = YES;
				CLANG_WARN_BOOL_CONVERSION = YES;
				CLANG_WARN_COMMA = YES;
				CLANG_WARN_CONSTANT_CONVERSION = YES;
				CLANG_WARN_DEPRECATED_OBJC_IMPLEMENTATIONS = YES;
				CLANG_WARN_DIRECT_OBJC_ISA_USAGE = YES_ERROR;
				CLANG_WARN_DOCUMENTATION_COMMENTS = YES;
				CLANG_WARN_EMPTY_BODY = YES;
				CLANG_WARN_ENUM_CONVERSION = YES;
				CLANG_WARN_INFINITE_RECURSION = YES;
				CLANG_WARN_INT_CONVERSION = YES;
				CLANG_WARN_NON_LITERAL_NULL_CONVERSION = YES;
				CLANG_WARN_OBJC_IMPLICIT_RETAIN_SELF = YES;
				CLANG_WARN_OBJC_LITERAL_CONVERSION = YES;
				CLANG_WARN_OBJC_ROOT_CLASS = YES_ERROR;
				CLANG_WARN_QUOTED_INCLUDE_IN_FRAMEWORK_HEADER = YES;
				CLANG_WARN_RANGE_LOOP_ANALYSIS = YES;
				CLANG_WARN_STRICT_PROTOTYPES = YES;
				CLANG_WARN_SUSPICIOUS_MOVE = YES;
				CLANG_WARN_UNGUARDED_AVAILABILITY = YES_AGGRESSIVE;
				CLANG_WARN_UNREACHABLE_CODE = YES;
				CLANG_WARN__DUPLICATE_METHOD_MATCH = YES;
				COPY_PHASE_STRIP = NO;
				DEBUG_INFORMATION_FORMAT = "dwarf-with-dsym";
				ENABLE_NS_ASSERTIONS = NO;
				ENABLE_STRICT_OBJC_MSGSEND = YES;
				GCC_C_LANGUAGE_STANDARD = gnu11;
				GCC_NO_COMMON_BLOCKS = YES;
				GCC_WARN_64_TO_32_BIT_CONVERSION = YES;
				GCC_WARN_ABOUT_RETURN_TYPE = YES_ERROR;
				GCC_WARN_UNDECLARED_SELECTOR = YES;
				GCC_WARN_UNINITIALIZED_AUTOS = YES_AGGRESSIVE;
				GCC_WARN_UNUSED_FUNCTION = YES;
				GCC_WARN_UNUSED_VARIABLE = YES;
				IPHONEOS_DEPLOYMENT_TARGET = 16.4;
				MTL_ENABLE_DEBUG_INFO = NO;
				MTL_FAST_MATH = YES;
				SDKROOT = iphoneos;
				SWIFT_COMPILATION_MODE = wholemodule;
				SWIFT_OPTIMIZATION_LEVEL = "-O";
				VALIDATE_PRODUCT = YES;
			};
			name = Release;
		};
		848F30812BB7BEFC00D333A9 /* Debug */ = {
			isa = XCBuildConfiguration;
			buildSettings = {
				ASSETCATALOG_COMPILER_APPICON_NAME = AppIcon;
				ASSETCATALOG_COMPILER_GLOBAL_ACCENT_COLOR_NAME = AccentColor;
				CODE_SIGN_STYLE = Automatic;
				CURRENT_PROJECT_VERSION = 1;
				DEVELOPMENT_ASSET_PATHS = "\"Assignment3app/Preview Content\"";
				ENABLE_PREVIEWS = YES;
				GENERATE_INFOPLIST_FILE = YES;
				INFOPLIST_KEY_UIApplicationSceneManifest_Generation = YES;
				INFOPLIST_KEY_UIApplicationSupportsIndirectInputEvents = YES;
				INFOPLIST_KEY_UILaunchScreen_Generation = YES;
				INFOPLIST_KEY_UISupportedInterfaceOrientations_iPad = "UIInterfaceOrientationPortrait UIInterfaceOrientationPortraitUpsideDown UIInterfaceOrientationLandscapeLeft UIInterfaceOrientationLandscapeRight";
				INFOPLIST_KEY_UISupportedInterfaceOrientations_iPhone = "UIInterfaceOrientationPortrait UIInterfaceOrientationLandscapeLeft UIInterfaceOrientationLandscapeRight";
				LD_RUNPATH_SEARCH_PATHS = (
					"$(inherited)",
					"@executable_path/Frameworks",
				);
				MARKETING_VERSION = 1.0;
				PRODUCT_BUNDLE_IDENTIFIER = edu.auburn.Assignment3app;
				PRODUCT_NAME = "$(TARGET_NAME)";
				SWIFT_EMIT_LOC_STRINGS = YES;
				SWIFT_VERSION = 5.0;
				TARGETED_DEVICE_FAMILY = "1,2";
			};
			name = Debug;
		};
		848F30822BB7BEFC00D333A9 /* Release */ = {
			isa = XCBuildConfiguration;
			buildSettings = {
				ASSETCATALOG_COMPILER_APPICON_NAME = AppIcon;
				ASSETCATALOG_COMPILER_GLOBAL_ACCENT_COLOR_NAME = AccentColor;
				CODE_SIGN_STYLE = Automatic;
				CURRENT_PROJECT_VERSION = 1;
				DEVELOPMENT_ASSET_PATHS = "\"Assignment3app/Preview Content\"";
				ENABLE_PREVIEWS = YES;
				GENERATE_INFOPLIST_FILE = YES;
				INFOPLIST_KEY_UIApplicationSceneManifest_Generation = YES;
				INFOPLIST_KEY_UIApplicationSupportsIndirectInputEvents = YES;
				INFOPLIST_KEY_UILaunchScreen_Generation = YES;
				INFOPLIST_KEY_UISupportedInterfaceOrientations_iPad = "UIInterfaceOrientationPortrait UIInterfaceOrientationPortraitUpsideDown UIInterfaceOrientationLandscapeLeft UIInterfaceOrientationLandscapeRight";
				INFOPLIST_KEY_UISupportedInterfaceOrientations_iPhone = "UIInterfaceOrientationPortrait UIInterfaceOrientationLandscapeLeft UIInterfaceOrientationLandscapeRight";
				LD_RUNPATH_SEARCH_PATHS = (
					"$(inherited)",
					"@executable_path/Frameworks",
				);
				MARKETING_VERSION = 1.0;
				PRODUCT_BUNDLE_IDENTIFIER = edu.auburn.Assignment3app;
				PRODUCT_NAME = "$(TARGET_NAME)";
				SWIFT_EMIT_LOC_STRINGS = YES;
				SWIFT_VERSION = 5.0;
				TARGETED_DEVICE_FAMILY = "1,2";
			};
			name = Release;
		};
/* End XCBuildConfiguration section */

/* Begin XCConfigurationList section */
		848F306D2BB7BEF900D333A9 /* Build configuration list for PBXProject "Assignment3app" */ = {
			isa = XCConfigurationList;
			buildConfigurations = (
				848F307E2BB7BEFC00D333A9 /* Debug */,
				848F307F2BB7BEFC00D333A9 /* Release */,
			);
			defaultConfigurationIsVisible = 0;
			defaultConfigurationName = Release;
		};
		848F30802BB7BEFC00D333A9 /* Build configuration list for PBXNativeTarget "Assignment3app" */ = {
			isa = XCConfigurationList;
			buildConfigurations = (
				848F30812BB7BEFC00D333A9 /* Debug */,
				848F30822BB7BEFC00D333A9 /* Release */,
			);
			defaultConfigurationIsVisible = 0;
			defaultConfigurationName = Release;
		};
/* End XCConfigurationList section */

/* Begin XCRemoteSwiftPackageReference section */
		847DAF9E2BD0ABEB0062D1C0 /* XCRemoteSwiftPackageReference "firebase-ios-sdk" */ = {
			isa = XCRemoteSwiftPackageReference;
			repositoryURL = "https://github.com/firebase/firebase-ios-sdk";
			requirement = {
				kind = upToNextMajorVersion;
				minimumVersion = 10.0.0;
			};
		};
/* End XCRemoteSwiftPackageReference section */

/* Begin XCSwiftPackageProductDependency section */
		847DAF9F2BD0ABEB0062D1C0 /* FirebaseAnalytics */ = {
			isa = XCSwiftPackageProductDependency;
			package = 847DAF9E2BD0ABEB0062D1C0 /* XCRemoteSwiftPackageReference "firebase-ios-sdk" */;
			productName = FirebaseAnalytics;
		};
		847DAFA12BD0ABEB0062D1C0 /* FirebaseFirestore */ = {
			isa = XCSwiftPackageProductDependency;
			package = 847DAF9E2BD0ABEB0062D1C0 /* XCRemoteSwiftPackageReference "firebase-ios-sdk" */;
			productName = FirebaseFirestore;
		};
		847DAFA32BD0ABEB0062D1C0 /* FirebaseFirestoreSwift */ = {
			isa = XCSwiftPackageProductDependency;
			package = 847DAF9E2BD0ABEB0062D1C0 /* XCRemoteSwiftPackageReference "firebase-ios-sdk" */;
			productName = FirebaseFirestoreSwift;
		};
/* End XCSwiftPackageProductDependency section */
	};
	rootObject = 848F306A2BB7BEF900D333A9 /* Project object */;
}
